
Microsoft Visual Studio Solution File, Format Version 12.00
# Visual Studio Version 16
VisualStudioVersion = 16.0.29424.173
MinimumVisualStudioVersion = 10.0.40219.1
Project("{FAE04EC0-301F-11D3-BF4B-00C04F79EFBC}") = "AutoMLMultiClassBug", "AutoMLMultiClassBug\AutoMLMultiClassBug.csproj", "{102F0AD6-F232-432A-987D-356BFCA56264}"
EndProject
Global
	GlobalSection(SolutionConfigurationPlatforms) = preSolution
		Debug|Any CPU = Debug|Any CPU
		Release|Any CPU = Release|Any CPU
	EndGlobalSection
	GlobalSection(ProjectConfigurationPlatforms) = postSolution
		{102F0AD6-F232-432A-987D-356BFCA56264}.Debug|Any CPU.ActiveCfg = Debug|Any CPU
		{102F0AD6-F232-432A-987D-356BFCA56264}.Debug|Any CPU.Build.0 = Debug|Any CPU
		{102F0AD6-F232-432A-987D-356BFCA56264}.Release|Any CPU.ActiveCfg = Release|Any CPU
		{102F0AD6-F232-432A-987D-356BFCA56264}.Release|Any CPU.Build.0 = Release|Any CPU
	EndGlobalSection
	GlobalSection(SolutionProperties) = preSolution
		HideSolutionNode = FALSE
	EndGlobalSection
	GlobalSection(ExtensibilityGlobals) = postSolution
		SolutionGuid = {CFAB79DC-2CB1-4D63-B168-4D198C000592}
	EndGlobalSection
EndGlobal
